// !$*UTF8*$!
{
	archiveVersion = 1;
	classes = {
	};
	objectVersion = 46;
	objects = {

/* Begin PBXBuildFile section */
		0091D8F90E81B9330029341E /* OpenGL.framework in Frameworks */ = {isa = PBXBuildFile; fileRef = 0091D8F80E81B9330029341E /* OpenGL.framework */; };
		00B784B30FF439BC000DE1D7 /* Accelerate.framework in Frameworks */ = {isa = PBXBuildFile; fileRef = 00B784AF0FF439BC000DE1D7 /* Accelerate.framework */; };
		00B784B40FF439BC000DE1D7 /* AudioToolbox.framework in Frameworks */ = {isa = PBXBuildFile; fileRef = 00B784B00FF439BC000DE1D7 /* AudioToolbox.framework */; };
		00B784B50FF439BC000DE1D7 /* AudioUnit.framework in Frameworks */ = {isa = PBXBuildFile; fileRef = 00B784B10FF439BC000DE1D7 /* AudioUnit.framework */; };
		00B784B60FF439BC000DE1D7 /* CoreAudio.framework in Frameworks */ = {isa = PBXBuildFile; fileRef = 00B784B20FF439BC000DE1D7 /* CoreAudio.framework */; };
		5323E6B20EAFCA74003A9687 /* CoreVideo.framework in Frameworks */ = {isa = PBXBuildFile; fileRef = 5323E6B10EAFCA74003A9687 /* CoreVideo.framework */; };
		5323E6B60EAFCA7E003A9687 /* QTKit.framework in Frameworks */ = {isa = PBXBuildFile; fileRef = 5323E6B50EAFCA7E003A9687 /* QTKit.framework */; };
		8D11072F0486CEB800E47090 /* Cocoa.framework in Frameworks */ = {isa = PBXBuildFile; fileRef = 1058C7A1FEA54F0111CA2CBB /* Cocoa.framework */; };
		93710A6517983C9A00195D66 /* TuioClient.cpp in Sources */ = {isa = PBXBuildFile; fileRef = 93710A6417983C9A00195D66 /* TuioClient.cpp */; };
		93710A8B17983D1000195D66 /* IpEndpointName.cpp in Sources */ = {isa = PBXBuildFile; fileRef = 93710A6917983D1000195D66 /* IpEndpointName.cpp */; };
		93710A8C17983D1000195D66 /* NetworkingUtils.cpp in Sources */ = {isa = PBXBuildFile; fileRef = 93710A6E17983D1000195D66 /* NetworkingUtils.cpp */; };
		93710A8D17983D1000195D66 /* UdpSocket.cpp in Sources */ = {isa = PBXBuildFile; fileRef = 93710A6F17983D1000195D66 /* UdpSocket.cpp */; };
		93710A9017983D1000195D66 /* OscOutboundPacketStream.cpp in Sources */ = {isa = PBXBuildFile; fileRef = 93710A7917983D1000195D66 /* OscOutboundPacketStream.cpp */; };
		93710A9117983D1000195D66 /* OscPrintReceivedElements.cpp in Sources */ = {isa = PBXBuildFile; fileRef = 93710A7C17983D1000195D66 /* OscPrintReceivedElements.cpp */; };
		93710A9217983D1000195D66 /* OscReceivedElements.cpp in Sources */ = {isa = PBXBuildFile; fileRef = 93710A7E17983D1000195D66 /* OscReceivedElements.cpp */; };
		93710A9317983D1000195D66 /* OscTypes.cpp in Sources */ = {isa = PBXBuildFile; fileRef = 93710A8017983D1000195D66 /* OscTypes.cpp */; };
		93710A9417983D1000195D66 /* OscBundle.cpp in Sources */ = {isa = PBXBuildFile; fileRef = 93710A8317983D1000195D66 /* OscBundle.cpp */; };
		93710A9517983D1000195D66 /* OscListener.cpp in Sources */ = {isa = PBXBuildFile; fileRef = 93710A8517983D1000195D66 /* OscListener.cpp */; };
		93710A9617983D1000195D66 /* OscMessage.cpp in Sources */ = {isa = PBXBuildFile; fileRef = 93710A8717983D1000195D66 /* OscMessage.cpp */; };
		93E2879517971D6E00D4A215 /* GuiObject.cpp in Sources */ = {isa = PBXBuildFile; fileRef = 93E2878F17971D6E00D4A215 /* GuiObject.cpp */; };
		93E2879617971D6E00D4A215 /* NavigationBarObject.cpp in Sources */ = {isa = PBXBuildFile; fileRef = 93E2879117971D6E00D4A215 /* NavigationBarObject.cpp */; };
		93E2879717971D6E00D4A215 /* NavigationObject.cpp in Sources */ = {isa = PBXBuildFile; fileRef = 93E2879317971D6E00D4A215 /* NavigationObject.cpp */; };
		93EEBA2517997FD200944294 /* NavigationController.cpp in Sources */ = {isa = PBXBuildFile; fileRef = 93EEBA2317997FD200944294 /* NavigationController.cpp */; };
		94759611054249EFAB0D1874 /* CinderApp.icns in Resources */ = {isa = PBXBuildFile; fileRef = F424E74C1781429791BF45AF /* CinderApp.icns */; };
		E6B49A3FD22C46DD94CB7783 /* InterfaceApp.cpp in Sources */ = {isa = PBXBuildFile; fileRef = C2C83835A8E4435891E42878 /* InterfaceApp.cpp */; };
/* End PBXBuildFile section */

/* Begin PBXFileReference section */
		0091D8F80E81B9330029341E /* OpenGL.framework */ = {isa = PBXFileReference; lastKnownFileType = wrapper.framework; name = OpenGL.framework; path = /System/Library/Frameworks/OpenGL.framework; sourceTree = "<absolute>"; };
		00B784AF0FF439BC000DE1D7 /* Accelerate.framework */ = {isa = PBXFileReference; lastKnownFileType = wrapper.framework; name = Accelerate.framework; path = System/Library/Frameworks/Accelerate.framework; sourceTree = SDKROOT; };
		00B784B00FF439BC000DE1D7 /* AudioToolbox.framework */ = {isa = PBXFileReference; lastKnownFileType = wrapper.framework; name = AudioToolbox.framework; path = System/Library/Frameworks/AudioToolbox.framework; sourceTree = SDKROOT; };
		00B784B10FF439BC000DE1D7 /* AudioUnit.framework */ = {isa = PBXFileReference; lastKnownFileType = wrapper.framework; name = AudioUnit.framework; path = System/Library/Frameworks/AudioUnit.framework; sourceTree = SDKROOT; };
		00B784B20FF439BC000DE1D7 /* CoreAudio.framework */ = {isa = PBXFileReference; lastKnownFileType = wrapper.framework; name = CoreAudio.framework; path = System/Library/Frameworks/CoreAudio.framework; sourceTree = SDKROOT; };
		090645B42A294A568F5B23AB /* Info.plist */ = {isa = PBXFileReference; lastKnownFileType = text.plist.xml; path = Info.plist; sourceTree = "<group>"; };
		1058C7A1FEA54F0111CA2CBB /* Cocoa.framework */ = {isa = PBXFileReference; lastKnownFileType = wrapper.framework; name = Cocoa.framework; path = /System/Library/Frameworks/Cocoa.framework; sourceTree = "<absolute>"; };
		14C0E6083F37455C8A27AF6E /* cinder_gui_interface_Prefix.pch */ = {isa = PBXFileReference; lastKnownFileType = "\"\""; path = cinder_gui_interface_Prefix.pch; sourceTree = "<group>"; };
		29B97324FDCFA39411CA2CEA /* AppKit.framework */ = {isa = PBXFileReference; lastKnownFileType = wrapper.framework; name = AppKit.framework; path = /System/Library/Frameworks/AppKit.framework; sourceTree = "<absolute>"; };
		29B97325FDCFA39411CA2CEA /* Foundation.framework */ = {isa = PBXFileReference; lastKnownFileType = wrapper.framework; name = Foundation.framework; path = /System/Library/Frameworks/Foundation.framework; sourceTree = "<absolute>"; };
		5323E6B10EAFCA74003A9687 /* CoreVideo.framework */ = {isa = PBXFileReference; lastKnownFileType = wrapper.framework; name = CoreVideo.framework; path = /System/Library/Frameworks/CoreVideo.framework; sourceTree = "<absolute>"; };
		5323E6B50EAFCA7E003A9687 /* QTKit.framework */ = {isa = PBXFileReference; lastKnownFileType = wrapper.framework; name = QTKit.framework; path = /System/Library/Frameworks/QTKit.framework; sourceTree = "<absolute>"; };
		5D62A9F7862D4E93BB9CBD4D /* Resources.h */ = {isa = PBXFileReference; lastKnownFileType = sourcecode.c.h; name = Resources.h; path = ../include/Resources.h; sourceTree = "<group>"; };
		8D1107320486CEB800E47090 /* InterfaceApp.app */ = {isa = PBXFileReference; explicitFileType = wrapper.application; includeInIndex = 0; path = InterfaceApp.app; sourceTree = BUILT_PRODUCTS_DIR; };
		93710A5F17983C9A00195D66 /* TuioClient.h */ = {isa = PBXFileReference; fileEncoding = 4; lastKnownFileType = sourcecode.c.h; path = TuioClient.h; sourceTree = "<group>"; };
		93710A6017983C9A00195D66 /* TuioCursor.h */ = {isa = PBXFileReference; fileEncoding = 4; lastKnownFileType = sourcecode.c.h; path = TuioCursor.h; sourceTree = "<group>"; };
		93710A6117983C9A00195D66 /* TuioObject.h */ = {isa = PBXFileReference; fileEncoding = 4; lastKnownFileType = sourcecode.c.h; path = TuioObject.h; sourceTree = "<group>"; };
		93710A6217983C9A00195D66 /* TuioProfileBase.h */ = {isa = PBXFileReference; fileEncoding = 4; lastKnownFileType = sourcecode.c.h; path = TuioProfileBase.h; sourceTree = "<group>"; };
		93710A6417983C9A00195D66 /* TuioClient.cpp */ = {isa = PBXFileReference; fileEncoding = 4; lastKnownFileType = sourcecode.cpp.cpp; path = TuioClient.cpp; sourceTree = "<group>"; };
		93710A6917983D1000195D66 /* IpEndpointName.cpp */ = {isa = PBXFileReference; fileEncoding = 4; lastKnownFileType = sourcecode.cpp.cpp; path = IpEndpointName.cpp; sourceTree = "<group>"; };
		93710A6A17983D1000195D66 /* IpEndpointName.h */ = {isa = PBXFileReference; fileEncoding = 4; lastKnownFileType = sourcecode.c.h; path = IpEndpointName.h; sourceTree = "<group>"; };
		93710A6B17983D1000195D66 /* NetworkingUtils.h */ = {isa = PBXFileReference; fileEncoding = 4; lastKnownFileType = sourcecode.c.h; path = NetworkingUtils.h; sourceTree = "<group>"; };
		93710A6C17983D1000195D66 /* PacketListener.h */ = {isa = PBXFileReference; fileEncoding = 4; lastKnownFileType = sourcecode.c.h; path = PacketListener.h; sourceTree = "<group>"; };
		93710A6E17983D1000195D66 /* NetworkingUtils.cpp */ = {isa = PBXFileReference; fileEncoding = 4; lastKnownFileType = sourcecode.cpp.cpp; path = NetworkingUtils.cpp; sourceTree = "<group>"; };
		93710A6F17983D1000195D66 /* UdpSocket.cpp */ = {isa = PBXFileReference; fileEncoding = 4; lastKnownFileType = sourcecode.cpp.cpp; path = UdpSocket.cpp; sourceTree = "<group>"; };
		93710A7017983D1000195D66 /* TimerListener.h */ = {isa = PBXFileReference; fileEncoding = 4; lastKnownFileType = sourcecode.c.h; path = TimerListener.h; sourceTree = "<group>"; };
		93710A7117983D1000195D66 /* UdpSocket.h */ = {isa = PBXFileReference; fileEncoding = 4; lastKnownFileType = sourcecode.c.h; path = UdpSocket.h; sourceTree = "<group>"; };
		93710A7617983D1000195D66 /* MessageMappingOscPacketListener.h */ = {isa = PBXFileReference; fileEncoding = 4; lastKnownFileType = sourcecode.c.h; path = MessageMappingOscPacketListener.h; sourceTree = "<group>"; };
		93710A7717983D1000195D66 /* OscException.h */ = {isa = PBXFileReference; fileEncoding = 4; lastKnownFileType = sourcecode.c.h; path = OscException.h; sourceTree = "<group>"; };
		93710A7817983D1000195D66 /* OscHostEndianness.h */ = {isa = PBXFileReference; fileEncoding = 4; lastKnownFileType = sourcecode.c.h; path = OscHostEndianness.h; sourceTree = "<group>"; };
		93710A7917983D1000195D66 /* OscOutboundPacketStream.cpp */ = {isa = PBXFileReference; fileEncoding = 4; lastKnownFileType = sourcecode.cpp.cpp; path = OscOutboundPacketStream.cpp; sourceTree = "<group>"; };
		93710A7A17983D1000195D66 /* OscOutboundPacketStream.h */ = {isa = PBXFileReference; fileEncoding = 4; lastKnownFileType = sourcecode.c.h; path = OscOutboundPacketStream.h; sourceTree = "<group>"; };
		93710A7B17983D1000195D66 /* OscPacketListener.h */ = {isa = PBXFileReference; fileEncoding = 4; lastKnownFileType = sourcecode.c.h; path = OscPacketListener.h; sourceTree = "<group>"; };
		93710A7C17983D1000195D66 /* OscPrintReceivedElements.cpp */ = {isa = PBXFileReference; fileEncoding = 4; lastKnownFileType = sourcecode.cpp.cpp; path = OscPrintReceivedElements.cpp; sourceTree = "<group>"; };
		93710A7D17983D1000195D66 /* OscPrintReceivedElements.h */ = {isa = PBXFileReference; fileEncoding = 4; lastKnownFileType = sourcecode.c.h; path = OscPrintReceivedElements.h; sourceTree = "<group>"; };
		93710A7E17983D1000195D66 /* OscReceivedElements.cpp */ = {isa = PBXFileReference; fileEncoding = 4; lastKnownFileType = sourcecode.cpp.cpp; path = OscReceivedElements.cpp; sourceTree = "<group>"; };
		93710A7F17983D1000195D66 /* OscReceivedElements.h */ = {isa = PBXFileReference; fileEncoding = 4; lastKnownFileType = sourcecode.c.h; path = OscReceivedElements.h; sourceTree = "<group>"; };
		93710A8017983D1000195D66 /* OscTypes.cpp */ = {isa = PBXFileReference; fileEncoding = 4; lastKnownFileType = sourcecode.cpp.cpp; path = OscTypes.cpp; sourceTree = "<group>"; };
		93710A8117983D1000195D66 /* OscTypes.h */ = {isa = PBXFileReference; fileEncoding = 4; lastKnownFileType = sourcecode.c.h; path = OscTypes.h; sourceTree = "<group>"; };
		93710A8217983D1000195D66 /* OscArg.h */ = {isa = PBXFileReference; fileEncoding = 4; lastKnownFileType = sourcecode.c.h; path = OscArg.h; sourceTree = "<group>"; };
		93710A8317983D1000195D66 /* OscBundle.cpp */ = {isa = PBXFileReference; fileEncoding = 4; lastKnownFileType = sourcecode.cpp.cpp; path = OscBundle.cpp; sourceTree = "<group>"; };
		93710A8417983D1000195D66 /* OscBundle.h */ = {isa = PBXFileReference; fileEncoding = 4; lastKnownFileType = sourcecode.c.h; path = OscBundle.h; sourceTree = "<group>"; };
		93710A8517983D1000195D66 /* OscListener.cpp */ = {isa = PBXFileReference; fileEncoding = 4; lastKnownFileType = sourcecode.cpp.cpp; path = OscListener.cpp; sourceTree = "<group>"; };
		93710A8617983D1000195D66 /* OscListener.h */ = {isa = PBXFileReference; fileEncoding = 4; lastKnownFileType = sourcecode.c.h; path = OscListener.h; sourceTree = "<group>"; };
		93710A8717983D1000195D66 /* OscMessage.cpp */ = {isa = PBXFileReference; fileEncoding = 4; lastKnownFileType = sourcecode.cpp.cpp; path = OscMessage.cpp; sourceTree = "<group>"; };
		93710A8817983D1000195D66 /* OscMessage.h */ = {isa = PBXFileReference; fileEncoding = 4; lastKnownFileType = sourcecode.c.h; path = OscMessage.h; sourceTree = "<group>"; };
		93710A8917983D1000195D66 /* OscSender.cpp */ = {isa = PBXFileReference; fileEncoding = 4; lastKnownFileType = sourcecode.cpp.cpp; path = OscSender.cpp; sourceTree = "<group>"; };
		93710A8A17983D1000195D66 /* OscSender.h */ = {isa = PBXFileReference; fileEncoding = 4; lastKnownFileType = sourcecode.c.h; path = OscSender.h; sourceTree = "<group>"; };
		93E2878F17971D6E00D4A215 /* GuiObject.cpp */ = {isa = PBXFileReference; fileEncoding = 4; lastKnownFileType = sourcecode.cpp.cpp; path = GuiObject.cpp; sourceTree = "<group>"; };
		93E2879017971D6E00D4A215 /* GuiObject.h */ = {isa = PBXFileReference; fileEncoding = 4; lastKnownFileType = sourcecode.c.h; path = GuiObject.h; sourceTree = "<group>"; };
		93E2879117971D6E00D4A215 /* NavigationBarObject.cpp */ = {isa = PBXFileReference; fileEncoding = 4; lastKnownFileType = sourcecode.cpp.cpp; path = NavigationBarObject.cpp; sourceTree = "<group>"; };
		93E2879217971D6E00D4A215 /* NavigationBarObject.h */ = {isa = PBXFileReference; fileEncoding = 4; lastKnownFileType = sourcecode.c.h; path = NavigationBarObject.h; sourceTree = "<group>"; };
		93E2879317971D6E00D4A215 /* NavigationObject.cpp */ = {isa = PBXFileReference; fileEncoding = 4; lastKnownFileType = sourcecode.cpp.cpp; path = NavigationObject.cpp; sourceTree = "<group>"; };
		93E2879417971D6E00D4A215 /* NavigationObject.h */ = {isa = PBXFileReference; fileEncoding = 4; lastKnownFileType = sourcecode.c.h; path = NavigationObject.h; sourceTree = "<group>"; };
		93EEBA2317997FD200944294 /* NavigationController.cpp */ = {isa = PBXFileReference; fileEncoding = 4; lastKnownFileType = sourcecode.cpp.cpp; path = NavigationController.cpp; sourceTree = "<group>"; };
		93EEBA2417997FD200944294 /* NavigationController.h */ = {isa = PBXFileReference; fileEncoding = 4; lastKnownFileType = sourcecode.c.h; path = NavigationController.h; sourceTree = "<group>"; };
		C2C83835A8E4435891E42878 /* InterfaceApp.cpp */ = {isa = PBXFileReference; lastKnownFileType = sourcecode.cpp.cpp; name = InterfaceApp.cpp; path = ../src/InterfaceApp.cpp; sourceTree = "<group>"; };
		F424E74C1781429791BF45AF /* CinderApp.icns */ = {isa = PBXFileReference; lastKnownFileType = image.icns; name = CinderApp.icns; path = ../resources/CinderApp.icns; sourceTree = "<group>"; };
/* End PBXFileReference section */

/* Begin PBXFrameworksBuildPhase section */
		8D11072E0486CEB800E47090 /* Frameworks */ = {
			isa = PBXFrameworksBuildPhase;
			buildActionMask = 2147483647;
			files = (
				8D11072F0486CEB800E47090 /* Cocoa.framework in Frameworks */,
				0091D8F90E81B9330029341E /* OpenGL.framework in Frameworks */,
				5323E6B20EAFCA74003A9687 /* CoreVideo.framework in Frameworks */,
				5323E6B60EAFCA7E003A9687 /* QTKit.framework in Frameworks */,
				00B784B30FF439BC000DE1D7 /* Accelerate.framework in Frameworks */,
				00B784B40FF439BC000DE1D7 /* AudioToolbox.framework in Frameworks */,
				00B784B50FF439BC000DE1D7 /* AudioUnit.framework in Frameworks */,
				00B784B60FF439BC000DE1D7 /* CoreAudio.framework in Frameworks */,
			);
			runOnlyForDeploymentPostprocessing = 0;
		};
/* End PBXFrameworksBuildPhase section */

/* Begin PBXGroup section */
		01B97315FEAEA392516A2CEA /* Blocks */ = {
			isa = PBXGroup;
			children = (
				93710A6617983D1000195D66 /* OSC */,
				93710A5D17983C9A00195D66 /* TUIO */,
			);
			name = Blocks;
			sourceTree = "<group>";
		};
		080E96DDFE201D6D7F000001 /* Source */ = {
			isa = PBXGroup;
			children = (
				93E2877C179719D200D4A215 /* GuiObjects */,
				93EEBA2417997FD200944294 /* NavigationController.h */,
				93EEBA2317997FD200944294 /* NavigationController.cpp */,
				C2C83835A8E4435891E42878 /* InterfaceApp.cpp */,
			);
			name = Source;
			sourceTree = "<group>";
		};
		1058C7A0FEA54F0111CA2CBB /* Linked Frameworks */ = {
			isa = PBXGroup;
			children = (
				00B784AF0FF439BC000DE1D7 /* Accelerate.framework */,
				00B784B00FF439BC000DE1D7 /* AudioToolbox.framework */,
				00B784B10FF439BC000DE1D7 /* AudioUnit.framework */,
				00B784B20FF439BC000DE1D7 /* CoreAudio.framework */,
				5323E6B50EAFCA7E003A9687 /* QTKit.framework */,
				5323E6B10EAFCA74003A9687 /* CoreVideo.framework */,
				0091D8F80E81B9330029341E /* OpenGL.framework */,
				1058C7A1FEA54F0111CA2CBB /* Cocoa.framework */,
			);
			name = "Linked Frameworks";
			sourceTree = "<group>";
		};
		1058C7A2FEA54F0111CA2CBB /* Other Frameworks */ = {
			isa = PBXGroup;
			children = (
				29B97324FDCFA39411CA2CEA /* AppKit.framework */,
				29B97325FDCFA39411CA2CEA /* Foundation.framework */,
			);
			name = "Other Frameworks";
			sourceTree = "<group>";
		};
		19C28FACFE9D520D11CA2CBB /* Products */ = {
			isa = PBXGroup;
			children = (
				8D1107320486CEB800E47090 /* InterfaceApp.app */,
			);
			name = Products;
			sourceTree = "<group>";
		};
		29B97314FDCFA39411CA2CEA /* cinder_gui_interface */ = {
			isa = PBXGroup;
			children = (
				01B97315FEAEA392516A2CEA /* Blocks */,
				29B97315FDCFA39411CA2CEA /* Headers */,
				080E96DDFE201D6D7F000001 /* Source */,
				29B97317FDCFA39411CA2CEA /* Resources */,
				29B97323FDCFA39411CA2CEA /* Frameworks */,
				19C28FACFE9D520D11CA2CBB /* Products */,
			);
			name = cinder_gui_interface;
			sourceTree = "<group>";
		};
		29B97315FDCFA39411CA2CEA /* Headers */ = {
			isa = PBXGroup;
			children = (
				5D62A9F7862D4E93BB9CBD4D /* Resources.h */,
				14C0E6083F37455C8A27AF6E /* cinder_gui_interface_Prefix.pch */,
			);
			name = Headers;
			sourceTree = "<group>";
		};
		29B97317FDCFA39411CA2CEA /* Resources */ = {
			isa = PBXGroup;
			children = (
				F424E74C1781429791BF45AF /* CinderApp.icns */,
				090645B42A294A568F5B23AB /* Info.plist */,
			);
			name = Resources;
			sourceTree = "<group>";
		};
		29B97323FDCFA39411CA2CEA /* Frameworks */ = {
			isa = PBXGroup;
			children = (
				1058C7A0FEA54F0111CA2CBB /* Linked Frameworks */,
				1058C7A2FEA54F0111CA2CBB /* Other Frameworks */,
			);
			name = Frameworks;
			sourceTree = "<group>";
		};
		93710A5D17983C9A00195D66 /* TUIO */ = {
			isa = PBXGroup;
			children = (
				93710A5E17983C9A00195D66 /* include */,
				93710A6317983C9A00195D66 /* src */,
			);
			name = TUIO;
			path = ../blocks/TUIO;
			sourceTree = "<group>";
		};
		93710A5E17983C9A00195D66 /* include */ = {
			isa = PBXGroup;
			children = (
				93710A5F17983C9A00195D66 /* TuioClient.h */,
				93710A6017983C9A00195D66 /* TuioCursor.h */,
				93710A6117983C9A00195D66 /* TuioObject.h */,
				93710A6217983C9A00195D66 /* TuioProfileBase.h */,
			);
			path = include;
			sourceTree = "<group>";
		};
		93710A6317983C9A00195D66 /* src */ = {
			isa = PBXGroup;
			children = (
				93710A6417983C9A00195D66 /* TuioClient.cpp */,
			);
			path = src;
			sourceTree = "<group>";
		};
		93710A6617983D1000195D66 /* OSC */ = {
			isa = PBXGroup;
			children = (
				93710A6717983D1000195D66 /* src */,
			);
			name = OSC;
			path = ../blocks/OSC;
			sourceTree = "<group>";
		};
		93710A6717983D1000195D66 /* src */ = {
			isa = PBXGroup;
			children = (
				93710A8517983D1000195D66 /* OscListener.cpp */,
				93710A8717983D1000195D66 /* OscMessage.cpp */,
				93710A8317983D1000195D66 /* OscBundle.cpp */,
				93710A8917983D1000195D66 /* OscSender.cpp */,
				93710A6817983D1000195D66 /* ip */,
				93710A7517983D1000195D66 /* osc */,
				93710A8217983D1000195D66 /* OscArg.h */,
				93710A8417983D1000195D66 /* OscBundle.h */,
				93710A8617983D1000195D66 /* OscListener.h */,
				93710A8817983D1000195D66 /* OscMessage.h */,
				93710A8A17983D1000195D66 /* OscSender.h */,
			);
			path = src;
			sourceTree = "<group>";
		};
		93710A6817983D1000195D66 /* ip */ = {
			isa = PBXGroup;
			children = (
				93710A6917983D1000195D66 /* IpEndpointName.cpp */,
				93710A6A17983D1000195D66 /* IpEndpointName.h */,
				93710A6B17983D1000195D66 /* NetworkingUtils.h */,
				93710A6C17983D1000195D66 /* PacketListener.h */,
				93710A7017983D1000195D66 /* TimerListener.h */,
				93710A7117983D1000195D66 /* UdpSocket.h */,
				93710A6D17983D1000195D66 /* posix */,
			);
			path = ip;
			sourceTree = "<group>";
		};
		93710A6D17983D1000195D66 /* posix */ = {
			isa = PBXGroup;
			children = (
				93710A6E17983D1000195D66 /* NetworkingUtils.cpp */,
				93710A6F17983D1000195D66 /* UdpSocket.cpp */,
			);
			path = posix;
			sourceTree = "<group>";
		};
		93710A7517983D1000195D66 /* osc */ = {
			isa = PBXGroup;
			children = (
				93710A7917983D1000195D66 /* OscOutboundPacketStream.cpp */,
				93710A7C17983D1000195D66 /* OscPrintReceivedElements.cpp */,
				93710A7E17983D1000195D66 /* OscReceivedElements.cpp */,
				93710A8017983D1000195D66 /* OscTypes.cpp */,
				93710A7617983D1000195D66 /* MessageMappingOscPacketListener.h */,
				93710A7717983D1000195D66 /* OscException.h */,
				93710A7817983D1000195D66 /* OscHostEndianness.h */,
				93710A7A17983D1000195D66 /* OscOutboundPacketStream.h */,
				93710A7B17983D1000195D66 /* OscPacketListener.h */,
				93710A7D17983D1000195D66 /* OscPrintReceivedElements.h */,
				93710A7F17983D1000195D66 /* OscReceivedElements.h */,
				93710A8117983D1000195D66 /* OscTypes.h */,
			);
			path = osc;
			sourceTree = "<group>";
		};
		93E2877C179719D200D4A215 /* GuiObjects */ = {
			isa = PBXGroup;
			children = (
				93E2878F17971D6E00D4A215 /* GuiObject.cpp */,
				93E2879017971D6E00D4A215 /* GuiObject.h */,
				93E2879117971D6E00D4A215 /* NavigationBarObject.cpp */,
				93E2879217971D6E00D4A215 /* NavigationBarObject.h */,
				93E2879317971D6E00D4A215 /* NavigationObject.cpp */,
				93E2879417971D6E00D4A215 /* NavigationObject.h */,
			);
			name = GuiObjects;
			path = ../src/GuiObjects;
			sourceTree = "<group>";
		};
/* End PBXGroup section */

/* Begin PBXNativeTarget section */
		8D1107260486CEB800E47090 /* cinder_gui_interface */ = {
			isa = PBXNativeTarget;
			buildConfigurationList = C01FCF4A08A954540054247B /* Build configuration list for PBXNativeTarget "cinder_gui_interface" */;
			buildPhases = (
				8D1107290486CEB800E47090 /* Resources */,
				8D11072C0486CEB800E47090 /* Sources */,
				8D11072E0486CEB800E47090 /* Frameworks */,
			);
			buildRules = (
			);
			dependencies = (
			);
			name = cinder_gui_interface;
			productInstallPath = "$(HOME)/Applications";
			productName = cinder_gui_interface;
			productReference = 8D1107320486CEB800E47090 /* InterfaceApp.app */;
			productType = "com.apple.product-type.application";
		};
/* End PBXNativeTarget section */

/* Begin PBXProject section */
		29B97313FDCFA39411CA2CEA /* Project object */ = {
			isa = PBXProject;
			buildConfigurationList = C01FCF4E08A954540054247B /* Build configuration list for PBXProject "cinder_gui_interface" */;
			compatibilityVersion = "Xcode 3.2";
			developmentRegion = English;
			hasScannedForEncodings = 1;
			knownRegions = (
				English,
				Japanese,
				French,
				German,
			);
			mainGroup = 29B97314FDCFA39411CA2CEA /* cinder_gui_interface */;
			projectDirPath = "";
			projectRoot = "";
			targets = (
				8D1107260486CEB800E47090 /* cinder_gui_interface */,
			);
		};
/* End PBXProject section */

/* Begin PBXResourcesBuildPhase section */
		8D1107290486CEB800E47090 /* Resources */ = {
			isa = PBXResourcesBuildPhase;
			buildActionMask = 2147483647;
			files = (
				94759611054249EFAB0D1874 /* CinderApp.icns in Resources */,
			);
			runOnlyForDeploymentPostprocessing = 0;
		};
/* End PBXResourcesBuildPhase section */

/* Begin PBXSourcesBuildPhase section */
		8D11072C0486CEB800E47090 /* Sources */ = {
			isa = PBXSourcesBuildPhase;
			buildActionMask = 2147483647;
			files = (
				E6B49A3FD22C46DD94CB7783 /* InterfaceApp.cpp in Sources */,
				93E2879517971D6E00D4A215 /* GuiObject.cpp in Sources */,
				93E2879617971D6E00D4A215 /* NavigationBarObject.cpp in Sources */,
				93E2879717971D6E00D4A215 /* NavigationObject.cpp in Sources */,
				93710A6517983C9A00195D66 /* TuioClient.cpp in Sources */,
				93710A8B17983D1000195D66 /* IpEndpointName.cpp in Sources */,
				93710A8C17983D1000195D66 /* NetworkingUtils.cpp in Sources */,
				93710A8D17983D1000195D66 /* UdpSocket.cpp in Sources */,
				93710A9017983D1000195D66 /* OscOutboundPacketStream.cpp in Sources */,
				93710A9117983D1000195D66 /* OscPrintReceivedElements.cpp in Sources */,
				93710A9217983D1000195D66 /* OscReceivedElements.cpp in Sources */,
				93710A9317983D1000195D66 /* OscTypes.cpp in Sources */,
				93710A9417983D1000195D66 /* OscBundle.cpp in Sources */,
				93710A9517983D1000195D66 /* OscListener.cpp in Sources */,
				93710A9617983D1000195D66 /* OscMessage.cpp in Sources */,
				93EEBA2517997FD200944294 /* NavigationController.cpp in Sources */,
			);
			runOnlyForDeploymentPostprocessing = 0;
		};
/* End PBXSourcesBuildPhase section */

/* Begin XCBuildConfiguration section */
		C01FCF4B08A954540054247B /* Debug */ = {
			isa = XCBuildConfiguration;
			buildSettings = {
				COMBINE_HIDPI_IMAGES = YES;
				COPY_PHASE_STRIP = NO;
				DEAD_CODE_STRIPPING = YES;
				GCC_DYNAMIC_NO_PIC = NO;
				GCC_INLINES_ARE_PRIVATE_EXTERN = YES;
				GCC_OPTIMIZATION_LEVEL = 0;
				GCC_PRECOMPILE_PREFIX_HEADER = YES;
				GCC_PREFIX_HEADER = cinder_gui_interface_Prefix.pch;
				GCC_PREPROCESSOR_DEFINITIONS = (
					"DEBUG=1",
					"$(inherited)",
				);
				GCC_SYMBOLS_PRIVATE_EXTERN = NO;
				INFOPLIST_FILE = Info.plist;
				INSTALL_PATH = "$(HOME)/Applications";
				OTHER_LDFLAGS = "\"$(CINDER_PATH)/lib/libcinder_d.a\"";
				PRODUCT_NAME = InterfaceApp;
				SYMROOT = ./build;
				WRAPPER_EXTENSION = app;
			};
			name = Debug;
		};
		C01FCF4C08A954540054247B /* Release */ = {
			isa = XCBuildConfiguration;
			buildSettings = {
				COMBINE_HIDPI_IMAGES = YES;
				DEAD_CODE_STRIPPING = YES;
				DEBUG_INFORMATION_FORMAT = "dwarf-with-dsym";
				GCC_FAST_MATH = YES;
				GCC_GENERATE_DEBUGGING_SYMBOLS = NO;
				GCC_INLINES_ARE_PRIVATE_EXTERN = YES;
				GCC_OPTIMIZATION_LEVEL = 3;
				GCC_PRECOMPILE_PREFIX_HEADER = YES;
				GCC_PREFIX_HEADER = cinder_gui_interface_Prefix.pch;
				GCC_SYMBOLS_PRIVATE_EXTERN = NO;
				INFOPLIST_FILE = Info.plist;
				INSTALL_PATH = "$(HOME)/Applications";
				OTHER_LDFLAGS = "\"$(CINDER_PATH)/lib/libcinder.a\"";
				PRODUCT_NAME = InterfaceApp;
				STRIP_INSTALLED_PRODUCT = YES;
				SYMROOT = ./build;
				WRAPPER_EXTENSION = app;
			};
			name = Release;
		};
		C01FCF4F08A954540054247B /* Debug */ = {
			isa = XCBuildConfiguration;
			buildSettings = {
				ALWAYS_SEARCH_USER_PATHS = NO;
				ARCHS = i386;
				CINDER_PATH = ../../../cinder_0.8.5_mac;
				CLANG_CXX_LANGUAGE_STANDARD = "c++0x";
				CLANG_CXX_LIBRARY = "libc++";
				GCC_WARN_ABOUT_RETURN_TYPE = YES;
				GCC_WARN_UNUSED_VARIABLE = YES;
				HEADER_SEARCH_PATHS = "\"$(CINDER_PATH)/boost\"";
				MACOSX_DEPLOYMENT_TARGET = 10.7;
				SDKROOT = macosx;
				USER_HEADER_SEARCH_PATHS = "\"$(CINDER_PATH)/include\" ../include $(CINDER_PATH)/blocks/OSC/src $(CINDER_PATH)/blocks/TUIO/include";
			};
			name = Debug;
		};
		C01FCF5008A954540054247B /* Release */ = {
			isa = XCBuildConfiguration;
			buildSettings = {
				ALWAYS_SEARCH_USER_PATHS = NO;
				ARCHS = i386;
				CINDER_PATH = ../../../cinder_0.8.5_mac;
				CLANG_CXX_LANGUAGE_STANDARD = "c++0x";
				CLANG_CXX_LIBRARY = "libc++";
				GCC_WARN_ABOUT_RETURN_TYPE = YES;
				GCC_WARN_UNUSED_VARIABLE = YES;
				HEADER_SEARCH_PATHS = "\"$(CINDER_PATH)/boost\"";
				MACOSX_DEPLOYMENT_TARGET = 10.7;
				SDKROOT = macosx;
				USER_HEADER_SEARCH_PATHS = "\"$(CINDER_PATH)/include\" ../include $(CINDER_PATH)/blocks/OSC/src $(CINDER_PATH)/blocks/TUIO/include";
			};
			name = Release;
		};
/* End XCBuildConfiguration section */

/* Begin XCConfigurationList section */
		C01FCF4A08A954540054247B /* Build configuration list for PBXNativeTarget "cinder_gui_interface" */ = {
			isa = XCConfigurationList;
			buildConfigurations = (
				C01FCF4B08A954540054247B /* Debug */,
				C01FCF4C08A954540054247B /* Release */,
			);
			defaultConfigurationIsVisible = 0;
			defaultConfigurationName = Release;
		};
		C01FCF4E08A954540054247B /* Build configuration list for PBXProject "cinder_gui_interface" */ = {
			isa = XCConfigurationList;
			buildConfigurations = (
				C01FCF4F08A954540054247B /* Debug */,
				C01FCF5008A954540054247B /* Release */,
			);
			defaultConfigurationIsVisible = 0;
			defaultConfigurationName = Release;
		};
/* End XCConfigurationList section */
	};
	rootObject = 29B97313FDCFA39411CA2CEA /* Project object */;
}
